
Microsoft Visual Studio Solution File, Format Version 12.00
# Visual Studio Version 16
VisualStudioVersion = 16.0.31702.278
MinimumVisualStudioVersion = 10.0.40219.1
Project("{9A19103F-16F7-4668-BE54-9A1E7A4F7556}") = "CocktailPage", "CocktailPage\CocktailPage.csproj", "{9078572C-A29E-438E-848B-2A7C7E762582}"
EndProject
Project("{9A19103F-16F7-4668-BE54-9A1E7A4F7556}") = "CocktailPage_Library", "CocktailPage_Library\CocktailPage_Library.csproj", "{A8CC11CC-F2C9-4A2D-B7D1-6D18DF7A7011}"
EndProject
Global
	GlobalSection(SolutionConfigurationPlatforms) = preSolution
		Debug|Any CPU = Debug|Any CPU
		Release|Any CPU = Release|Any CPU
	EndGlobalSection
	GlobalSection(ProjectConfigurationPlatforms) = postSolution
		{9078572C-A29E-438E-848B-2A7C7E762582}.Debug|Any CPU.ActiveCfg = Debug|Any CPU
		{9078572C-A29E-438E-848B-2A7C7E762582}.Debug|Any CPU.Build.0 = Debug|Any CPU
		{9078572C-A29E-438E-848B-2A7C7E762582}.Release|Any CPU.ActiveCfg = Release|Any CPU
		{9078572C-A29E-438E-848B-2A7C7E762582}.Release|Any CPU.Build.0 = Release|Any CPU
		{A8CC11CC-F2C9-4A2D-B7D1-6D18DF7A7011}.Debug|Any CPU.ActiveCfg = Debug|Any CPU
		{A8CC11CC-F2C9-4A2D-B7D1-6D18DF7A7011}.Debug|Any CPU.Build.0 = Debug|Any CPU
		{A8CC11CC-F2C9-4A2D-B7D1-6D18DF7A7011}.Release|Any CPU.ActiveCfg = Release|Any CPU
		{A8CC11CC-F2C9-4A2D-B7D1-6D18DF7A7011}.Release|Any CPU.Build.0 = Release|Any CPU
	EndGlobalSection
	GlobalSection(SolutionProperties) = preSolution
		HideSolutionNode = FALSE
	EndGlobalSection
	GlobalSection(ExtensibilityGlobals) = postSolution
		SolutionGuid = {3A411FD2-6C3E-496D-AF3F-784338C59FBC}
	EndGlobalSection
EndGlobal
